
Microsoft Visual Studio Solution File, Format Version 12.00
# Visual Studio Version 17
VisualStudioVersion = 17.5.33424.131
MinimumVisualStudioVersion = 10.0.40219.1
Project("{8BC9CEB8-8B4A-11D0-8D11-00A0C91BC942}") = "16-Mar27", "16-Mar27.vcxproj", "{C02BC884-D598-4AD1-BBCB-AEE2DE6A17B4}"
EndProject
Global
	GlobalSection(SolutionConfigurationPlatforms) = preSolution
		Debug|x64 = Debug|x64
		Debug|x86 = Debug|x86
		Release|x64 = Release|x64
		Release|x86 = Release|x86
	EndGlobalSection
	GlobalSection(ProjectConfigurationPlatforms) = postSolution
		{C02BC884-D598-4AD1-BBCB-AEE2DE6A17B4}.Debug|x64.ActiveCfg = Debug|x64
		{C02BC884-D598-4AD1-BBCB-AEE2DE6A17B4}.Debug|x64.Build.0 = Debug|x64
		{C02BC884-D598-4AD1-BBCB-AEE2DE6A17B4}.Debug|x86.ActiveCfg = Debug|Win32
		{C02BC884-D598-4AD1-BBCB-AEE2DE6A17B4}.Debug|x86.Build.0 = Debug|Win32
		{C02BC884-D598-4AD1-BBCB-AEE2DE6A17B4}.Release|x64.ActiveCfg = Release|x64
		{C02BC884-D598-4AD1-BBCB-AEE2DE6A17B4}.Release|x64.Build.0 = Release|x64
		{C02BC884-D598-4AD1-BBCB-AEE2DE6A17B4}.Release|x86.ActiveCfg = Release|Win32
		{C02BC884-D598-4AD1-BBCB-AEE2DE6A17B4}.Release|x86.Build.0 = Release|Win32
	EndGlobalSection
	GlobalSection(SolutionProperties) = preSolution
		HideSolutionNode = FALSE
	EndGlobalSection
	GlobalSection(ExtensibilityGlobals) = postSolution
		SolutionGuid = {71AC97CA-B1BC-419A-817D-DDA7BD03112C}
	EndGlobalSection
EndGlobal
